
Microsoft Visual Studio Solution File, Format Version 12.00
# Visual Studio Version 17
VisualStudioVersion = 17.8.34330.188
MinimumVisualStudioVersion = 10.0.40219.1
Project("{9A19103F-16F7-4668-BE54-9A1E7A4F7556}") = "ASP3Tekrar", "ASP-3-Tekrar\ASP3Tekrar.csproj", "{1B4D41AC-A1CF-4C36-8A56-52A4799DFA1D}"
EndProject
Project("{FAE04EC0-301F-11D3-BF4B-00C04F79EFBC}") = "ASP4Ornek", "ASP4Ornek\ASP4Ornek.csproj", "{CE59D9A7-9CE7-418C-8CDB-D360B1356771}"
EndProject
Global
	GlobalSection(SolutionConfigurationPlatforms) = preSolution
		Debug|Any CPU = Debug|Any CPU
		Release|Any CPU = Release|Any CPU
	EndGlobalSection
	GlobalSection(ProjectConfigurationPlatforms) = postSolution
		{1B4D41AC-A1CF-4C36-8A56-52A4799DFA1D}.Debug|Any CPU.ActiveCfg = Debug|Any CPU
		{1B4D41AC-A1CF-4C36-8A56-52A4799DFA1D}.Debug|Any CPU.Build.0 = Debug|Any CPU
		{1B4D41AC-A1CF-4C36-8A56-52A4799DFA1D}.Release|Any CPU.ActiveCfg = Release|Any CPU
		{1B4D41AC-A1CF-4C36-8A56-52A4799DFA1D}.Release|Any CPU.Build.0 = Release|Any CPU
		{CE59D9A7-9CE7-418C-8CDB-D360B1356771}.Debug|Any CPU.ActiveCfg = Debug|Any CPU
		{CE59D9A7-9CE7-418C-8CDB-D360B1356771}.Debug|Any CPU.Build.0 = Debug|Any CPU
		{CE59D9A7-9CE7-418C-8CDB-D360B1356771}.Release|Any CPU.ActiveCfg = Release|Any CPU
		{CE59D9A7-9CE7-418C-8CDB-D360B1356771}.Release|Any CPU.Build.0 = Release|Any CPU
	EndGlobalSection
	GlobalSection(SolutionProperties) = preSolution
		HideSolutionNode = FALSE
	EndGlobalSection
	GlobalSection(ExtensibilityGlobals) = postSolution
		SolutionGuid = {C5FE4238-8245-4D9C-BE7B-2B3E559EB859}
	EndGlobalSection
EndGlobal
