
Microsoft Visual Studio Solution File, Format Version 12.00
# Visual Studio Version 17
VisualStudioVersion = 17.8.34330.188
MinimumVisualStudioVersion = 10.0.40219.1
Project("{9A19103F-16F7-4668-BE54-9A1E7A4F7556}") = "ASP-1", "ASP-1\ASP-1.csproj", "{88912F0E-A0E8-4560-B2B7-D4BFF9035A08}"
EndProject
Project("{9A19103F-16F7-4668-BE54-9A1E7A4F7556}") = "OtelProject", "OtelProject\OtelProject.csproj", "{6A2C8E5A-E130-4542-B598-2F343C5B0EBC}"
EndProject
Project("{FAE04EC0-301F-11D3-BF4B-00C04F79EFBC}") = "OtelProjectAuto", "OtelProjectAuto\OtelProjectAuto.csproj", "{F533277E-E02A-4E82-B1E1-651AA3E80993}"
EndProject
Global
	GlobalSection(SolutionConfigurationPlatforms) = preSolution
		Debug|Any CPU = Debug|Any CPU
		Release|Any CPU = Release|Any CPU
	EndGlobalSection
	GlobalSection(ProjectConfigurationPlatforms) = postSolution
		{88912F0E-A0E8-4560-B2B7-D4BFF9035A08}.Debug|Any CPU.ActiveCfg = Debug|Any CPU
		{88912F0E-A0E8-4560-B2B7-D4BFF9035A08}.Debug|Any CPU.Build.0 = Debug|Any CPU
		{88912F0E-A0E8-4560-B2B7-D4BFF9035A08}.Release|Any CPU.ActiveCfg = Release|Any CPU
		{88912F0E-A0E8-4560-B2B7-D4BFF9035A08}.Release|Any CPU.Build.0 = Release|Any CPU
		{6A2C8E5A-E130-4542-B598-2F343C5B0EBC}.Debug|Any CPU.ActiveCfg = Debug|Any CPU
		{6A2C8E5A-E130-4542-B598-2F343C5B0EBC}.Debug|Any CPU.Build.0 = Debug|Any CPU
		{6A2C8E5A-E130-4542-B598-2F343C5B0EBC}.Release|Any CPU.ActiveCfg = Release|Any CPU
		{6A2C8E5A-E130-4542-B598-2F343C5B0EBC}.Release|Any CPU.Build.0 = Release|Any CPU
		{F533277E-E02A-4E82-B1E1-651AA3E80993}.Debug|Any CPU.ActiveCfg = Debug|Any CPU
		{F533277E-E02A-4E82-B1E1-651AA3E80993}.Debug|Any CPU.Build.0 = Debug|Any CPU
		{F533277E-E02A-4E82-B1E1-651AA3E80993}.Release|Any CPU.ActiveCfg = Release|Any CPU
		{F533277E-E02A-4E82-B1E1-651AA3E80993}.Release|Any CPU.Build.0 = Release|Any CPU
	EndGlobalSection
	GlobalSection(SolutionProperties) = preSolution
		HideSolutionNode = FALSE
	EndGlobalSection
	GlobalSection(ExtensibilityGlobals) = postSolution
		SolutionGuid = {BB81A09A-6408-4689-870E-51AB9887FEB1}
	EndGlobalSection
EndGlobal
