
Microsoft Visual Studio Solution File, Format Version 12.00
# Visual Studio Version 17
VisualStudioVersion = 17.8.34330.188
MinimumVisualStudioVersion = 10.0.40219.1
Project("{FAE04EC0-301F-11D3-BF4B-00C04F79EFBC}") = "asd", "asd\asd.csproj", "{1F88ECB2-DAC3-4BA9-A210-3C6D4812311F}"
EndProject
Global
	GlobalSection(SolutionConfigurationPlatforms) = preSolution
		Debug|Any CPU = Debug|Any CPU
		Release|Any CPU = Release|Any CPU
	EndGlobalSection
	GlobalSection(ProjectConfigurationPlatforms) = postSolution
		{1F88ECB2-DAC3-4BA9-A210-3C6D4812311F}.Debug|Any CPU.ActiveCfg = Debug|Any CPU
		{1F88ECB2-DAC3-4BA9-A210-3C6D4812311F}.Debug|Any CPU.Build.0 = Debug|Any CPU
		{1F88ECB2-DAC3-4BA9-A210-3C6D4812311F}.Release|Any CPU.ActiveCfg = Release|Any CPU
		{1F88ECB2-DAC3-4BA9-A210-3C6D4812311F}.Release|Any CPU.Build.0 = Release|Any CPU
	EndGlobalSection
	GlobalSection(SolutionProperties) = preSolution
		HideSolutionNode = FALSE
	EndGlobalSection
	GlobalSection(ExtensibilityGlobals) = postSolution
		SolutionGuid = {35ED57E3-7380-4381-9831-A3CF1DE7F1EF}
	EndGlobalSection
EndGlobal
