
Microsoft Visual Studio Solution File, Format Version 12.00
# Visual Studio Version 17
VisualStudioVersion = 17.9.34622.214
MinimumVisualStudioVersion = 10.0.40219.1
Project("{9A19103F-16F7-4668-BE54-9A1E7A4F7556}") = "EfCore.ConsoleApp", "EfCore.ConsoleApp\EfCore.ConsoleApp.csproj", "{7B4DD05F-9116-4EB5-AED9-BDC50AA44DC0}"
EndProject
Project("{9A19103F-16F7-4668-BE54-9A1E7A4F7556}") = "EfCore.CodeFirst.ConsoleApp", "EfCore.CodeFirst.ConsoleApp\EfCore.CodeFirst.ConsoleApp.csproj", "{72DD3C33-E23F-455B-B363-F207BC006964}"
EndProject
Project("{FAE04EC0-301F-11D3-BF4B-00C04F79EFBC}") = "EfCore.CodeFirst.ExampleApp", "EfCore.CodeFirst.ExampleApp\EfCore.CodeFirst.ExampleApp.csproj", "{49AD19CC-3F81-447C-ADB7-0A2542F02A8F}"
EndProject
Global
	GlobalSection(SolutionConfigurationPlatforms) = preSolution
		Debug|Any CPU = Debug|Any CPU
		Release|Any CPU = Release|Any CPU
	EndGlobalSection
	GlobalSection(ProjectConfigurationPlatforms) = postSolution
		{7B4DD05F-9116-4EB5-AED9-BDC50AA44DC0}.Debug|Any CPU.ActiveCfg = Debug|Any CPU
		{7B4DD05F-9116-4EB5-AED9-BDC50AA44DC0}.Debug|Any CPU.Build.0 = Debug|Any CPU
		{7B4DD05F-9116-4EB5-AED9-BDC50AA44DC0}.Release|Any CPU.ActiveCfg = Release|Any CPU
		{7B4DD05F-9116-4EB5-AED9-BDC50AA44DC0}.Release|Any CPU.Build.0 = Release|Any CPU
		{72DD3C33-E23F-455B-B363-F207BC006964}.Debug|Any CPU.ActiveCfg = Debug|Any CPU
		{72DD3C33-E23F-455B-B363-F207BC006964}.Debug|Any CPU.Build.0 = Debug|Any CPU
		{72DD3C33-E23F-455B-B363-F207BC006964}.Release|Any CPU.ActiveCfg = Release|Any CPU
		{72DD3C33-E23F-455B-B363-F207BC006964}.Release|Any CPU.Build.0 = Release|Any CPU
		{49AD19CC-3F81-447C-ADB7-0A2542F02A8F}.Debug|Any CPU.ActiveCfg = Debug|Any CPU
		{49AD19CC-3F81-447C-ADB7-0A2542F02A8F}.Debug|Any CPU.Build.0 = Debug|Any CPU
		{49AD19CC-3F81-447C-ADB7-0A2542F02A8F}.Release|Any CPU.ActiveCfg = Release|Any CPU
		{49AD19CC-3F81-447C-ADB7-0A2542F02A8F}.Release|Any CPU.Build.0 = Release|Any CPU
	EndGlobalSection
	GlobalSection(SolutionProperties) = preSolution
		HideSolutionNode = FALSE
	EndGlobalSection
	GlobalSection(ExtensibilityGlobals) = postSolution
		SolutionGuid = {D9E47C70-93CD-4513-BE9E-024C5D00CD15}
	EndGlobalSection
EndGlobal
