
Microsoft Visual Studio Solution File, Format Version 12.00
# Visual Studio Version 17
VisualStudioVersion = 17.8.34330.188
MinimumVisualStudioVersion = 10.0.40219.1
Project("{9A19103F-16F7-4668-BE54-9A1E7A4F7556}") = "EfCore.CodeFirst.ExampleApp", "EfCore.CodeFirst.ExampleApp.csproj", "{6E89028D-4887-4B35-AD92-07B9321354DB}"
EndProject
Global
	GlobalSection(SolutionConfigurationPlatforms) = preSolution
		Debug|Any CPU = Debug|Any CPU
		Release|Any CPU = Release|Any CPU
	EndGlobalSection
	GlobalSection(ProjectConfigurationPlatforms) = postSolution
		{6E89028D-4887-4B35-AD92-07B9321354DB}.Debug|Any CPU.ActiveCfg = Debug|Any CPU
		{6E89028D-4887-4B35-AD92-07B9321354DB}.Debug|Any CPU.Build.0 = Debug|Any CPU
		{6E89028D-4887-4B35-AD92-07B9321354DB}.Release|Any CPU.ActiveCfg = Release|Any CPU
		{6E89028D-4887-4B35-AD92-07B9321354DB}.Release|Any CPU.Build.0 = Release|Any CPU
	EndGlobalSection
	GlobalSection(SolutionProperties) = preSolution
		HideSolutionNode = FALSE
	EndGlobalSection
	GlobalSection(ExtensibilityGlobals) = postSolution
		SolutionGuid = {EA14C76F-3341-401B-9EAD-A658785A0517}
	EndGlobalSection
EndGlobal
